// !$*UTF8*$!
{
	archiveVersion = 1;
	classes = {
	};
	objectVersion = 52;
	objects = {

/* Begin PBXBuildFile section */
		411BE043250DC405009A2030 /* EnvelopeData.swift in Sources */ = {isa = PBXBuildFile; fileRef = 411BE042250DC405009A2030 /* EnvelopeData.swift */; };
		4132E54F2508BCDA00FDEA76 /* PreviewView.swift in Sources */ = {isa = PBXBuildFile; fileRef = 4132E54E2508BCDA00FDEA76 /* PreviewView.swift */; };
		4132E555250B554F00FDEA76 /* ActualSizeEnvelopeView.swift in Sources */ = {isa = PBXBuildFile; fileRef = 4132E554250B554F00FDEA76 /* ActualSizeEnvelopeView.swift */; };
		8A16B54324AEB96FB83B4B8F /* Pods_AddressLayout.framework in Frameworks */ = {isa = PBXBuildFile; fileRef = 5C74F46B87737B8ACD262A31 /* Pods_AddressLayout.framework */; };
		CF0052C8250732DE00458C7B /* AppDelegate.swift in Sources */ = {isa = PBXBuildFile; fileRef = CF0052C7250732DE00458C7B /* AppDelegate.swift */; };
		CF0052CA250732DE00458C7B /* SceneDelegate.swift in Sources */ = {isa = PBXBuildFile; fileRef = CF0052C9250732DE00458C7B /* SceneDelegate.swift */; };
		CF0052CC250732DE00458C7B /* ContentView.swift in Sources */ = {isa = PBXBuildFile; fileRef = CF0052CB250732DE00458C7B /* ContentView.swift */; };
		CF0052CE250732E000458C7B /* Assets.xcassets in Resources */ = {isa = PBXBuildFile; fileRef = CF0052CD250732E000458C7B /* Assets.xcassets */; };
		CF0052D1250732E000458C7B /* Preview Assets.xcassets in Resources */ = {isa = PBXBuildFile; fileRef = CF0052D0250732E000458C7B /* Preview Assets.xcassets */; };
		CF0052D4250732E000458C7B /* LaunchScreen.storyboard in Resources */ = {isa = PBXBuildFile; fileRef = CF0052D2250732E000458C7B /* LaunchScreen.storyboard */; };
		CF0052E12507BE2800458C7B /* itemRow.swift in Sources */ = {isa = PBXBuildFile; fileRef = CF0052E02507BE2800458C7B /* itemRow.swift */; };
		CF0052E32507C37B00458C7B /* itemList.swift in Sources */ = {isa = PBXBuildFile; fileRef = CF0052E22507C37B00458C7B /* itemList.swift */; };
		CF0052E52507C54400458C7B /* logView.swift in Sources */ = {isa = PBXBuildFile; fileRef = CF0052E42507C54400458C7B /* logView.swift */; };
		CFBD58E42509EF800099BF94 /* testLogData.json in Resources */ = {isa = PBXBuildFile; fileRef = CFBD58E32509EF800099BF94 /* testLogData.json */; };
		CFBD58E62509F20F0099BF94 /* Log.swift in Sources */ = {isa = PBXBuildFile; fileRef = CFBD58E52509F20F0099BF94 /* Log.swift */; };
		CFBD58E82509F4E00099BF94 /* Data.swift in Sources */ = {isa = PBXBuildFile; fileRef = CFBD58E72509F4E00099BF94 /* Data.swift */; };
		CFD8A1FD250C9E2300593F8A /* FilterView.swift in Sources */ = {isa = PBXBuildFile; fileRef = CFD8A1FC250C9E2300593F8A /* FilterView.swift */; };
		D664194E250C731D008671A7 /* EnvelopeTypeViewModel.swift in Sources */ = {isa = PBXBuildFile; fileRef = D664194D250C731D008671A7 /* EnvelopeTypeViewModel.swift */; };
		D6A4B5692509D5B100864759 /* EnvelopeView.swift in Sources */ = {isa = PBXBuildFile; fileRef = D6A4B5682509D5B100864759 /* EnvelopeView.swift */; };
		D6A4B56B2509D90200864759 /* EnvelopeTypeItem.swift in Sources */ = {isa = PBXBuildFile; fileRef = D6A4B56A2509D90200864759 /* EnvelopeTypeItem.swift */; };
		D6A4B573250A16D800864759 /* ZipInputView.swift in Sources */ = {isa = PBXBuildFile; fileRef = D6A4B572250A16D700864759 /* ZipInputView.swift */; };
		D6A4B575250A1B4700864759 /* AddressInputView.swift in Sources */ = {isa = PBXBuildFile; fileRef = D6A4B574250A1B4700864759 /* AddressInputView.swift */; };
		D6A4B577250A1F4200864759 /* PersonInputView.swift in Sources */ = {isa = PBXBuildFile; fileRef = D6A4B576250A1F4200864759 /* PersonInputView.swift */; };
		D6A4B579250B3E0A00864759 /* InputView.swift in Sources */ = {isa = PBXBuildFile; fileRef = D6A4B578250B3E0A00864759 /* InputView.swift */; };
		D6A4B57B250B517300864759 /* envelopeData.json in Resources */ = {isa = PBXBuildFile; fileRef = D6A4B57A250B517300864759 /* envelopeData.json */; };
		D6A4B57D250B668F00864759 /* Envelope.swift in Sources */ = {isa = PBXBuildFile; fileRef = D6A4B57C250B668F00864759 /* Envelope.swift */; };
/* End PBXBuildFile section */

/* Begin PBXFileReference section */
		411BE042250DC405009A2030 /* EnvelopeData.swift */ = {isa = PBXFileReference; lastKnownFileType = sourcecode.swift; path = EnvelopeData.swift; sourceTree = "<group>"; };
		4132E54E2508BCDA00FDEA76 /* PreviewView.swift */ = {isa = PBXFileReference; lastKnownFileType = sourcecode.swift; path = PreviewView.swift; sourceTree = "<group>"; };
		4132E554250B554F00FDEA76 /* ActualSizeEnvelopeView.swift */ = {isa = PBXFileReference; lastKnownFileType = sourcecode.swift; path = ActualSizeEnvelopeView.swift; sourceTree = "<group>"; };
		5575DC1E6D0B6578E26E0A6B /* Pods-AddressLayout.debug.xcconfig */ = {isa = PBXFileReference; includeInIndex = 1; lastKnownFileType = text.xcconfig; name = "Pods-AddressLayout.debug.xcconfig"; path = "Target Support Files/Pods-AddressLayout/Pods-AddressLayout.debug.xcconfig"; sourceTree = "<group>"; };
		5C74F46B87737B8ACD262A31 /* Pods_AddressLayout.framework */ = {isa = PBXFileReference; explicitFileType = wrapper.framework; includeInIndex = 0; path = Pods_AddressLayout.framework; sourceTree = BUILT_PRODUCTS_DIR; };
		CF0052C4250732DE00458C7B /* AddressLayout.app */ = {isa = PBXFileReference; explicitFileType = wrapper.application; includeInIndex = 0; path = AddressLayout.app; sourceTree = BUILT_PRODUCTS_DIR; };
		CF0052C7250732DE00458C7B /* AppDelegate.swift */ = {isa = PBXFileReference; lastKnownFileType = sourcecode.swift; path = AppDelegate.swift; sourceTree = "<group>"; };
		CF0052C9250732DE00458C7B /* SceneDelegate.swift */ = {isa = PBXFileReference; lastKnownFileType = sourcecode.swift; path = SceneDelegate.swift; sourceTree = "<group>"; };
		CF0052CB250732DE00458C7B /* ContentView.swift */ = {isa = PBXFileReference; lastKnownFileType = sourcecode.swift; path = ContentView.swift; sourceTree = "<group>"; };
		CF0052CD250732E000458C7B /* Assets.xcassets */ = {isa = PBXFileReference; lastKnownFileType = folder.assetcatalog; path = Assets.xcassets; sourceTree = "<group>"; };
		CF0052D0250732E000458C7B /* Preview Assets.xcassets */ = {isa = PBXFileReference; lastKnownFileType = folder.assetcatalog; path = "Preview Assets.xcassets"; sourceTree = "<group>"; };
		CF0052D3250732E000458C7B /* Base */ = {isa = PBXFileReference; lastKnownFileType = file.storyboard; name = Base; path = Base.lproj/LaunchScreen.storyboard; sourceTree = "<group>"; };
		CF0052D5250732E000458C7B /* Info.plist */ = {isa = PBXFileReference; lastKnownFileType = text.plist.xml; path = Info.plist; sourceTree = "<group>"; };
		CF0052E02507BE2800458C7B /* itemRow.swift */ = {isa = PBXFileReference; lastKnownFileType = sourcecode.swift; path = itemRow.swift; sourceTree = "<group>"; };
		CF0052E22507C37B00458C7B /* itemList.swift */ = {isa = PBXFileReference; lastKnownFileType = sourcecode.swift; path = itemList.swift; sourceTree = "<group>"; };
		CF0052E42507C54400458C7B /* logView.swift */ = {isa = PBXFileReference; lastKnownFileType = sourcecode.swift; path = logView.swift; sourceTree = "<group>"; };
		CFBD58E32509EF800099BF94 /* testLogData.json */ = {isa = PBXFileReference; lastKnownFileType = text.json; path = testLogData.json; sourceTree = "<group>"; };
		CFBD58E52509F20F0099BF94 /* Log.swift */ = {isa = PBXFileReference; lastKnownFileType = sourcecode.swift; path = Log.swift; sourceTree = "<group>"; };
		CFBD58E72509F4E00099BF94 /* Data.swift */ = {isa = PBXFileReference; lastKnownFileType = sourcecode.swift; path = Data.swift; sourceTree = "<group>"; };
		CFD8A1FC250C9E2300593F8A /* FilterView.swift */ = {isa = PBXFileReference; lastKnownFileType = sourcecode.swift; path = FilterView.swift; sourceTree = "<group>"; };
		D664194D250C731D008671A7 /* EnvelopeTypeViewModel.swift */ = {isa = PBXFileReference; lastKnownFileType = sourcecode.swift; path = EnvelopeTypeViewModel.swift; sourceTree = "<group>"; };
		D6A4B5682509D5B100864759 /* EnvelopeView.swift */ = {isa = PBXFileReference; lastKnownFileType = sourcecode.swift; path = EnvelopeView.swift; sourceTree = "<group>"; };
		D6A4B56A2509D90200864759 /* EnvelopeTypeItem.swift */ = {isa = PBXFileReference; lastKnownFileType = sourcecode.swift; path = EnvelopeTypeItem.swift; sourceTree = "<group>"; };
		D6A4B572250A16D700864759 /* ZipInputView.swift */ = {isa = PBXFileReference; lastKnownFileType = sourcecode.swift; path = ZipInputView.swift; sourceTree = "<group>"; };
		D6A4B574250A1B4700864759 /* AddressInputView.swift */ = {isa = PBXFileReference; lastKnownFileType = sourcecode.swift; path = AddressInputView.swift; sourceTree = "<group>"; };
		D6A4B576250A1F4200864759 /* PersonInputView.swift */ = {isa = PBXFileReference; lastKnownFileType = sourcecode.swift; path = PersonInputView.swift; sourceTree = "<group>"; };
		D6A4B578250B3E0A00864759 /* InputView.swift */ = {isa = PBXFileReference; lastKnownFileType = sourcecode.swift; path = InputView.swift; sourceTree = "<group>"; };
		D6A4B57A250B517300864759 /* envelopeData.json */ = {isa = PBXFileReference; lastKnownFileType = text.json; path = envelopeData.json; sourceTree = "<group>"; };
		D6A4B57C250B668F00864759 /* Envelope.swift */ = {isa = PBXFileReference; lastKnownFileType = sourcecode.swift; path = Envelope.swift; sourceTree = "<group>"; };
		DEA8FC819D80607FD80174CF /* Pods-AddressLayout.release.xcconfig */ = {isa = PBXFileReference; includeInIndex = 1; lastKnownFileType = text.xcconfig; name = "Pods-AddressLayout.release.xcconfig"; path = "Target Support Files/Pods-AddressLayout/Pods-AddressLayout.release.xcconfig"; sourceTree = "<group>"; };
/* End PBXFileReference section */

/* Begin PBXFrameworksBuildPhase section */
		CF0052C1250732DE00458C7B /* Frameworks */ = {
			isa = PBXFrameworksBuildPhase;
			buildActionMask = 2147483647;
			files = (
				8A16B54324AEB96FB83B4B8F /* Pods_AddressLayout.framework in Frameworks */,
			);
			runOnlyForDeploymentPostprocessing = 0;
		};
/* End PBXFrameworksBuildPhase section */

/* Begin PBXGroup section */
		B130E572D86B937B10D84169 /* Pods */ = {
			isa = PBXGroup;
			children = (
				5575DC1E6D0B6578E26E0A6B /* Pods-AddressLayout.debug.xcconfig */,
				DEA8FC819D80607FD80174CF /* Pods-AddressLayout.release.xcconfig */,
			);
			path = Pods;
			sourceTree = "<group>";
		};
		B95A3E087315E15716BC9E6A /* Frameworks */ = {
			isa = PBXGroup;
			children = (
				5C74F46B87737B8ACD262A31 /* Pods_AddressLayout.framework */,
			);
			name = Frameworks;
			sourceTree = "<group>";
		};
		CF0052BB250732DE00458C7B = {
			isa = PBXGroup;
			children = (
				D6A4B57A250B517300864759 /* envelopeData.json */,
				CFBD58E32509EF800099BF94 /* testLogData.json */,
				CFBD58E72509F4E00099BF94 /* Data.swift */,
				CFBD58E52509F20F0099BF94 /* Log.swift */,
				D6A4B57C250B668F00864759 /* Envelope.swift */,
				CF0052C6250732DE00458C7B /* AddressLayout */,
				CF0052C5250732DE00458C7B /* Products */,
				B130E572D86B937B10D84169 /* Pods */,
				B95A3E087315E15716BC9E6A /* Frameworks */,
			);
			sourceTree = "<group>";
		};
		CF0052C5250732DE00458C7B /* Products */ = {
			isa = PBXGroup;
			children = (
				CF0052C4250732DE00458C7B /* AddressLayout.app */,
			);
			name = Products;
			sourceTree = "<group>";
		};
		CF0052C6250732DE00458C7B /* AddressLayout */ = {
			isa = PBXGroup;
			children = (
				CF0052E02507BE2800458C7B /* itemRow.swift */,
				CF0052E22507C37B00458C7B /* itemList.swift */,
				411BE042250DC405009A2030 /* EnvelopeData.swift */,
				CFD8A1FC250C9E2300593F8A /* FilterView.swift */,
				CF0052E42507C54400458C7B /* logView.swift */,
				4132E54E2508BCDA00FDEA76 /* PreviewView.swift */,
				4132E554250B554F00FDEA76 /* ActualSizeEnvelopeView.swift */,
				CF0052C7250732DE00458C7B /* AppDelegate.swift */,
				CF0052C9250732DE00458C7B /* SceneDelegate.swift */,
				CF0052CB250732DE00458C7B /* ContentView.swift */,
				CF0052CD250732E000458C7B /* Assets.xcassets */,
				CF0052D2250732E000458C7B /* LaunchScreen.storyboard */,
				CF0052D5250732E000458C7B /* Info.plist */,
				D6A4B5682509D5B100864759 /* EnvelopeView.swift */,
				D6A4B56A2509D90200864759 /* EnvelopeTypeItem.swift */,
				D664194D250C731D008671A7 /* EnvelopeTypeViewModel.swift */,
				CF0052CF250732E000458C7B /* Preview Content */,
				D6A4B572250A16D700864759 /* ZipInputView.swift */,
				D6A4B574250A1B4700864759 /* AddressInputView.swift */,
				D6A4B576250A1F4200864759 /* PersonInputView.swift */,
				D6A4B578250B3E0A00864759 /* InputView.swift */,
			);
			path = AddressLayout;
			sourceTree = "<group>";
		};
		CF0052CF250732E000458C7B /* Preview Content */ = {
			isa = PBXGroup;
			children = (
				CF0052D0250732E000458C7B /* Preview Assets.xcassets */,
			);
			path = "Preview Content";
			sourceTree = "<group>";
		};
/* End PBXGroup section */

/* Begin PBXNativeTarget section */
		CF0052C3250732DE00458C7B /* AddressLayout */ = {
			isa = PBXNativeTarget;
			buildConfigurationList = CF0052D8250732E000458C7B /* Build configuration list for PBXNativeTarget "AddressLayout" */;
			buildPhases = (
				8E7163717B2E25DAF361A92A /* [CP] Check Pods Manifest.lock */,
				CF0052C0250732DE00458C7B /* Sources */,
				CF0052C1250732DE00458C7B /* Frameworks */,
				CF0052C2250732DE00458C7B /* Resources */,
				B8AB773C93A350D84F241017 /* [CP] Embed Pods Frameworks */,
			);
			buildRules = (
			);
			dependencies = (
			);
			name = AddressLayout;
			packageProductDependencies = (
			);
			productName = AddressLayout;
			productReference = CF0052C4250732DE00458C7B /* AddressLayout.app */;
			productType = "com.apple.product-type.application";
		};
/* End PBXNativeTarget section */

/* Begin PBXProject section */
		CF0052BC250732DE00458C7B /* Project object */ = {
			isa = PBXProject;
			attributes = {
				LastSwiftUpdateCheck = 1150;
				LastUpgradeCheck = 1150;
				ORGANIZATIONNAME = "村岡沙紀";
				TargetAttributes = {
					CF0052C3250732DE00458C7B = {
						CreatedOnToolsVersion = 11.5;
					};
				};
			};
			buildConfigurationList = CF0052BF250732DE00458C7B /* Build configuration list for PBXProject "AddressLayout" */;
			compatibilityVersion = "Xcode 9.3";
			developmentRegion = en;
			hasScannedForEncodings = 0;
			knownRegions = (
				en,
				Base,
			);
			mainGroup = CF0052BB250732DE00458C7B;
			packageReferences = (
				CF65FFD7250E3431000FE0E7 /* XCRemoteSwiftPackageReference "SwiftUIRefresh" */,
			);
			productRefGroup = CF0052C5250732DE00458C7B /* Products */;
			projectDirPath = "";
			projectRoot = "";
			targets = (
				CF0052C3250732DE00458C7B /* AddressLayout */,
			);
		};
/* End PBXProject section */

/* Begin PBXResourcesBuildPhase section */
		CF0052C2250732DE00458C7B /* Resources */ = {
			isa = PBXResourcesBuildPhase;
			buildActionMask = 2147483647;
			files = (
				CFBD58E42509EF800099BF94 /* testLogData.json in Resources */,
				CF0052D4250732E000458C7B /* LaunchScreen.storyboard in Resources */,
				CF0052D1250732E000458C7B /* Preview Assets.xcassets in Resources */,
				D6A4B57B250B517300864759 /* envelopeData.json in Resources */,
				CF0052CE250732E000458C7B /* Assets.xcassets in Resources */,
			);
			runOnlyForDeploymentPostprocessing = 0;
		};
/* End PBXResourcesBuildPhase section */

/* Begin PBXShellScriptBuildPhase section */
		8E7163717B2E25DAF361A92A /* [CP] Check Pods Manifest.lock */ = {
			isa = PBXShellScriptBuildPhase;
			buildActionMask = 2147483647;
			files = (
			);
			inputFileListPaths = (
			);
			inputPaths = (
				"${PODS_PODFILE_DIR_PATH}/Podfile.lock",
				"${PODS_ROOT}/Manifest.lock",
			);
			name = "[CP] Check Pods Manifest.lock";
			outputFileListPaths = (
			);
			outputPaths = (
				"$(DERIVED_FILE_DIR)/Pods-AddressLayout-checkManifestLockResult.txt",
			);
			runOnlyForDeploymentPostprocessing = 0;
			shellPath = /bin/sh;
			shellScript = "diff \"${PODS_PODFILE_DIR_PATH}/Podfile.lock\" \"${PODS_ROOT}/Manifest.lock\" > /dev/null\nif [ $? != 0 ] ; then\n    # print error to STDERR\n    echo \"error: The sandbox is not in sync with the Podfile.lock. Run 'pod install' or update your CocoaPods installation.\" >&2\n    exit 1\nfi\n# This output is used by Xcode 'outputs' to avoid re-running this script phase.\necho \"SUCCESS\" > \"${SCRIPT_OUTPUT_FILE_0}\"\n";
			showEnvVarsInLog = 0;
		};
		B8AB773C93A350D84F241017 /* [CP] Embed Pods Frameworks */ = {
			isa = PBXShellScriptBuildPhase;
			buildActionMask = 2147483647;
			files = (
			);
			inputFileListPaths = (
				"${PODS_ROOT}/Target Support Files/Pods-AddressLayout/Pods-AddressLayout-frameworks-${CONFIGURATION}-input-files.xcfilelist",
			);
			name = "[CP] Embed Pods Frameworks";
			outputFileListPaths = (
				"${PODS_ROOT}/Target Support Files/Pods-AddressLayout/Pods-AddressLayout-frameworks-${CONFIGURATION}-output-files.xcfilelist",
			);
			runOnlyForDeploymentPostprocessing = 0;
			shellPath = /bin/sh;
			shellScript = "\"${PODS_ROOT}/Target Support Files/Pods-AddressLayout/Pods-AddressLayout-frameworks.sh\"\n";
			showEnvVarsInLog = 0;
		};
/* End PBXShellScriptBuildPhase section */

/* Begin PBXSourcesBuildPhase section */
		CF0052C0250732DE00458C7B /* Sources */ = {
			isa = PBXSourcesBuildPhase;
			buildActionMask = 2147483647;
			files = (
				D6A4B56B2509D90200864759 /* EnvelopeTypeItem.swift in Sources */,
				CF0052C8250732DE00458C7B /* AppDelegate.swift in Sources */,
				D6A4B577250A1F4200864759 /* PersonInputView.swift in Sources */,
				CFBD58E62509F20F0099BF94 /* Log.swift in Sources */,
				CF0052E32507C37B00458C7B /* itemList.swift in Sources */,
				4132E555250B554F00FDEA76 /* ActualSizeEnvelopeView.swift in Sources */,
				D6A4B573250A16D800864759 /* ZipInputView.swift in Sources */,
				4132E54F2508BCDA00FDEA76 /* PreviewView.swift in Sources */,
				D6A4B579250B3E0A00864759 /* InputView.swift in Sources */,
				CF0052CA250732DE00458C7B /* SceneDelegate.swift in Sources */,
				D664194E250C731D008671A7 /* EnvelopeTypeViewModel.swift in Sources */,
				CF0052CC250732DE00458C7B /* ContentView.swift in Sources */,
				411BE043250DC405009A2030 /* EnvelopeData.swift in Sources */,
				CF0052E12507BE2800458C7B /* itemRow.swift in Sources */,
				D6A4B57D250B668F00864759 /* Envelope.swift in Sources */,
				D6A4B5692509D5B100864759 /* EnvelopeView.swift in Sources */,
				D6A4B575250A1B4700864759 /* AddressInputView.swift in Sources */,
				CFD8A1FD250C9E2300593F8A /* FilterView.swift in Sources */,
				CF0052E52507C54400458C7B /* logView.swift in Sources */,
				CFBD58E82509F4E00099BF94 /* Data.swift in Sources */,
			);
			runOnlyForDeploymentPostprocessing = 0;
		};
/* End PBXSourcesBuildPhase section */

/* Begin PBXVariantGroup section */
		CF0052D2250732E000458C7B /* LaunchScreen.storyboard */ = {
			isa = PBXVariantGroup;
			children = (
				CF0052D3250732E000458C7B /* Base */,
			);
			name = LaunchScreen.storyboard;
			sourceTree = "<group>";
		};
/* End PBXVariantGroup section */

/* Begin XCBuildConfiguration section */
		CF0052D6250732E000458C7B /* Debug */ = {
			isa = XCBuildConfiguration;
			buildSettings = {
				ALWAYS_SEARCH_USER_PATHS = NO;
				CLANG_ANALYZER_NONNULL = YES;
				CLANG_ANALYZER_NUMBER_OBJECT_CONVERSION = YES_AGGRESSIVE;
				CLANG_CXX_LANGUAGE_STANDARD = "gnu++14";
				CLANG_CXX_LIBRARY = "libc++";
				CLANG_ENABLE_MODULES = YES;
				CLANG_ENABLE_OBJC_ARC = YES;
				CLANG_ENABLE_OBJC_WEAK = YES;
				CLANG_WARN_BLOCK_CAPTURE_AUTORELEASING = YES;
				CLANG_WARN_BOOL_CONVERSION = YES;
				CLANG_WARN_COMMA = YES;
				CLANG_WARN_CONSTANT_CONVERSION = YES;
				CLANG_WARN_DEPRECATED_OBJC_IMPLEMENTATIONS = YES;
				CLANG_WARN_DIRECT_OBJC_ISA_USAGE = YES_ERROR;
				CLANG_WARN_DOCUMENTATION_COMMENTS = YES;
				CLANG_WARN_EMPTY_BODY = YES;
				CLANG_WARN_ENUM_CONVERSION = YES;
				CLANG_WARN_INFINITE_RECURSION = YES;
				CLANG_WARN_INT_CONVERSION = YES;
				CLANG_WARN_NON_LITERAL_NULL_CONVERSION = YES;
				CLANG_WARN_OBJC_IMPLICIT_RETAIN_SELF = YES;
				CLANG_WARN_OBJC_LITERAL_CONVERSION = YES;
				CLANG_WARN_OBJC_ROOT_CLASS = YES_ERROR;
				CLANG_WARN_RANGE_LOOP_ANALYSIS = YES;
				CLANG_WARN_STRICT_PROTOTYPES = YES;
				CLANG_WARN_SUSPICIOUS_MOVE = YES;
				CLANG_WARN_UNGUARDED_AVAILABILITY = YES_AGGRESSIVE;
				CLANG_WARN_UNREACHABLE_CODE = YES;
				CLANG_WARN__DUPLICATE_METHOD_MATCH = YES;
				COPY_PHASE_STRIP = NO;
				DEBUG_INFORMATION_FORMAT = dwarf;
				ENABLE_STRICT_OBJC_MSGSEND = YES;
				ENABLE_TESTABILITY = YES;
				GCC_C_LANGUAGE_STANDARD = gnu11;
				GCC_DYNAMIC_NO_PIC = NO;
				GCC_NO_COMMON_BLOCKS = YES;
				GCC_OPTIMIZATION_LEVEL = 0;
				GCC_PREPROCESSOR_DEFINITIONS = (
					"DEBUG=1",
					"$(inherited)",
				);
				GCC_WARN_64_TO_32_BIT_CONVERSION = YES;
				GCC_WARN_ABOUT_RETURN_TYPE = YES_ERROR;
				GCC_WARN_UNDECLARED_SELECTOR = YES;
				GCC_WARN_UNINITIALIZED_AUTOS = YES_AGGRESSIVE;
				GCC_WARN_UNUSED_FUNCTION = YES;
				GCC_WARN_UNUSED_VARIABLE = YES;
				IPHONEOS_DEPLOYMENT_TARGET = 13.5;
				MTL_ENABLE_DEBUG_INFO = INCLUDE_SOURCE;
				MTL_FAST_MATH = YES;
				ONLY_ACTIVE_ARCH = YES;
				SDKROOT = iphoneos;
				SWIFT_ACTIVE_COMPILATION_CONDITIONS = DEBUG;
				SWIFT_OPTIMIZATION_LEVEL = "-Onone";
			};
			name = Debug;
		};
		CF0052D7250732E000458C7B /* Release */ = {
			isa = XCBuildConfiguration;
			buildSettings = {
				ALWAYS_SEARCH_USER_PATHS = NO;
				CLANG_ANALYZER_NONNULL = YES;
				CLANG_ANALYZER_NUMBER_OBJECT_CONVERSION = YES_AGGRESSIVE;
				CLANG_CXX_LANGUAGE_STANDARD = "gnu++14";
				CLANG_CXX_LIBRARY = "libc++";
				CLANG_ENABLE_MODULES = YES;
				CLANG_ENABLE_OBJC_ARC = YES;
				CLANG_ENABLE_OBJC_WEAK = YES;
				CLANG_WARN_BLOCK_CAPTURE_AUTORELEASING = YES;
				CLANG_WARN_BOOL_CONVERSION = YES;
				CLANG_WARN_COMMA = YES;
				CLANG_WARN_CONSTANT_CONVERSION = YES;
				CLANG_WARN_DEPRECATED_OBJC_IMPLEMENTATIONS = YES;
				CLANG_WARN_DIRECT_OBJC_ISA_USAGE = YES_ERROR;
				CLANG_WARN_DOCUMENTATION_COMMENTS = YES;
				CLANG_WARN_EMPTY_BODY = YES;
				CLANG_WARN_ENUM_CONVERSION = YES;
				CLANG_WARN_INFINITE_RECURSION = YES;
				CLANG_WARN_INT_CONVERSION = YES;
				CLANG_WARN_NON_LITERAL_NULL_CONVERSION = YES;
				CLANG_WARN_OBJC_IMPLICIT_RETAIN_SELF = YES;
				CLANG_WARN_OBJC_LITERAL_CONVERSION = YES;
				CLANG_WARN_OBJC_ROOT_CLASS = YES_ERROR;
				CLANG_WARN_RANGE_LOOP_ANALYSIS = YES;
				CLANG_WARN_STRICT_PROTOTYPES = YES;
				CLANG_WARN_SUSPICIOUS_MOVE = YES;
				CLANG_WARN_UNGUARDED_AVAILABILITY = YES_AGGRESSIVE;
				CLANG_WARN_UNREACHABLE_CODE = YES;
				CLANG_WARN__DUPLICATE_METHOD_MATCH = YES;
				COPY_PHASE_STRIP = NO;
				DEBUG_INFORMATION_FORMAT = "dwarf-with-dsym";
				ENABLE_NS_ASSERTIONS = NO;
				ENABLE_STRICT_OBJC_MSGSEND = YES;
				GCC_C_LANGUAGE_STANDARD = gnu11;
				GCC_NO_COMMON_BLOCKS = YES;
				GCC_WARN_64_TO_32_BIT_CONVERSION = YES;
				GCC_WARN_ABOUT_RETURN_TYPE = YES_ERROR;
				GCC_WARN_UNDECLARED_SELECTOR = YES;
				GCC_WARN_UNINITIALIZED_AUTOS = YES_AGGRESSIVE;
				GCC_WARN_UNUSED_FUNCTION = YES;
				GCC_WARN_UNUSED_VARIABLE = YES;
				IPHONEOS_DEPLOYMENT_TARGET = 13.5;
				MTL_ENABLE_DEBUG_INFO = NO;
				MTL_FAST_MATH = YES;
				SDKROOT = iphoneos;
				SWIFT_COMPILATION_MODE = wholemodule;
				SWIFT_OPTIMIZATION_LEVEL = "-O";
				VALIDATE_PRODUCT = YES;
			};
			name = Release;
		};
		CF0052D9250732E000458C7B /* Debug */ = {
			isa = XCBuildConfiguration;
			baseConfigurationReference = 5575DC1E6D0B6578E26E0A6B /* Pods-AddressLayout.debug.xcconfig */;
			buildSettings = {
				ASSETCATALOG_COMPILER_APPICON_NAME = AppIcon;
				CODE_SIGN_STYLE = Automatic;
				DEVELOPMENT_ASSET_PATHS = "\"AddressLayout/Preview Content\"";
				DEVELOPMENT_TEAM = H3ZXJ4GU5R;
				ENABLE_PREVIEWS = YES;
				INFOPLIST_FILE = AddressLayout/Info.plist;
				LD_RUNPATH_SEARCH_PATHS = (
					"$(inherited)",
					"@executable_path/Frameworks",
				);
				PRODUCT_BUNDLE_IDENTIFIER = com.gmail.murasaki9322.AddressLayout;
				PRODUCT_NAME = "$(TARGET_NAME)";
				SWIFT_VERSION = 5.0;
				TARGETED_DEVICE_FAMILY = "1,2";
			};
			name = Debug;
		};
		CF0052DA250732E000458C7B /* Release */ = {
			isa = XCBuildConfiguration;
			baseConfigurationReference = DEA8FC819D80607FD80174CF /* Pods-AddressLayout.release.xcconfig */;
			buildSettings = {
				ASSETCATALOG_COMPILER_APPICON_NAME = AppIcon;
				CODE_SIGN_STYLE = Automatic;
				DEVELOPMENT_ASSET_PATHS = "\"AddressLayout/Preview Content\"";
				DEVELOPMENT_TEAM = H3ZXJ4GU5R;
				ENABLE_PREVIEWS = YES;
				INFOPLIST_FILE = AddressLayout/Info.plist;
				LD_RUNPATH_SEARCH_PATHS = (
					"$(inherited)",
					"@executable_path/Frameworks",
				);
				PRODUCT_BUNDLE_IDENTIFIER = com.gmail.murasaki9322.AddressLayout;
				PRODUCT_NAME = "$(TARGET_NAME)";
				SWIFT_VERSION = 5.0;
				TARGETED_DEVICE_FAMILY = "1,2";
			};
			name = Release;
		};
/* End XCBuildConfiguration section */

/* Begin XCConfigurationList section */
		CF0052BF250732DE00458C7B /* Build configuration list for PBXProject "AddressLayout" */ = {
			isa = XCConfigurationList;
			buildConfigurations = (
				CF0052D6250732E000458C7B /* Debug */,
				CF0052D7250732E000458C7B /* Release */,
			);
			defaultConfigurationIsVisible = 0;
			defaultConfigurationName = Release;
		};
		CF0052D8250732E000458C7B /* Build configuration list for PBXNativeTarget "AddressLayout" */ = {
			isa = XCConfigurationList;
			buildConfigurations = (
				CF0052D9250732E000458C7B /* Debug */,
				CF0052DA250732E000458C7B /* Release */,
			);
			defaultConfigurationIsVisible = 0;
			defaultConfigurationName = Release;
		};
/* End XCConfigurationList section */
	};
	rootObject = CF0052BC250732DE00458C7B /* Project object */;
}
