// !$*UTF8*$!
{
	archiveVersion = 1;
	classes = {
	};
	objectVersion = 50;
	objects = {

/* Begin PBXBuildFile section */
		4132E54F2508BCDA00FDEA76 /* PreviewView.swift in Sources */ = {isa = PBXBuildFile; fileRef = 4132E54E2508BCDA00FDEA76 /* PreviewView.swift */; };
		4132E5512509EF7D00FDEA76 /* FrontEnvelopePreviewView.swift in Sources */ = {isa = PBXBuildFile; fileRef = 4132E5502509EF7D00FDEA76 /* FrontEnvelopePreviewView.swift */; };
		4132E5532509F0DD00FDEA76 /* BackEnvelopePreviewView.swift in Sources */ = {isa = PBXBuildFile; fileRef = 4132E5522509F0DD00FDEA76 /* BackEnvelopePreviewView.swift */; };
		CF0052C8250732DE00458C7B /* AppDelegate.swift in Sources */ = {isa = PBXBuildFile; fileRef = CF0052C7250732DE00458C7B /* AppDelegate.swift */; };
		CF0052CA250732DE00458C7B /* SceneDelegate.swift in Sources */ = {isa = PBXBuildFile; fileRef = CF0052C9250732DE00458C7B /* SceneDelegate.swift */; };
		CF0052CC250732DE00458C7B /* ContentView.swift in Sources */ = {isa = PBXBuildFile; fileRef = CF0052CB250732DE00458C7B /* ContentView.swift */; };
		CF0052CE250732E000458C7B /* Assets.xcassets in Resources */ = {isa = PBXBuildFile; fileRef = CF0052CD250732E000458C7B /* Assets.xcassets */; };
		CF0052D1250732E000458C7B /* Preview Assets.xcassets in Resources */ = {isa = PBXBuildFile; fileRef = CF0052D0250732E000458C7B /* Preview Assets.xcassets */; };
		CF0052D4250732E000458C7B /* LaunchScreen.storyboard in Resources */ = {isa = PBXBuildFile; fileRef = CF0052D2250732E000458C7B /* LaunchScreen.storyboard */; };
		CF0052E12507BE2800458C7B /* itemRow.swift in Sources */ = {isa = PBXBuildFile; fileRef = CF0052E02507BE2800458C7B /* itemRow.swift */; };
		CF0052E32507C37B00458C7B /* itemList.swift in Sources */ = {isa = PBXBuildFile; fileRef = CF0052E22507C37B00458C7B /* itemList.swift */; };
		CF0052E52507C54400458C7B /* logView.swift in Sources */ = {isa = PBXBuildFile; fileRef = CF0052E42507C54400458C7B /* logView.swift */; };
		CFBD58E42509EF800099BF94 /* testLogData.json in Resources */ = {isa = PBXBuildFile; fileRef = CFBD58E32509EF800099BF94 /* testLogData.json */; };
		CFBD58E62509F20F0099BF94 /* Log.swift in Sources */ = {isa = PBXBuildFile; fileRef = CFBD58E52509F20F0099BF94 /* Log.swift */; };
		CFBD58E82509F4E00099BF94 /* Data.swift in Sources */ = {isa = PBXBuildFile; fileRef = CFBD58E72509F4E00099BF94 /* Data.swift */; };
/* End PBXBuildFile section */

/* Begin PBXFileReference section */
		4132E54E2508BCDA00FDEA76 /* PreviewView.swift */ = {isa = PBXFileReference; lastKnownFileType = sourcecode.swift; path = PreviewView.swift; sourceTree = "<group>"; };
		4132E5502509EF7D00FDEA76 /* FrontEnvelopePreviewView.swift */ = {isa = PBXFileReference; lastKnownFileType = sourcecode.swift; path = FrontEnvelopePreviewView.swift; sourceTree = "<group>"; };
		4132E5522509F0DD00FDEA76 /* BackEnvelopePreviewView.swift */ = {isa = PBXFileReference; lastKnownFileType = sourcecode.swift; path = BackEnvelopePreviewView.swift; sourceTree = "<group>"; };
		CF0052C4250732DE00458C7B /* AddressLayout.app */ = {isa = PBXFileReference; explicitFileType = wrapper.application; includeInIndex = 0; path = AddressLayout.app; sourceTree = BUILT_PRODUCTS_DIR; };
		CF0052C7250732DE00458C7B /* AppDelegate.swift */ = {isa = PBXFileReference; lastKnownFileType = sourcecode.swift; path = AppDelegate.swift; sourceTree = "<group>"; };
		CF0052C9250732DE00458C7B /* SceneDelegate.swift */ = {isa = PBXFileReference; lastKnownFileType = sourcecode.swift; path = SceneDelegate.swift; sourceTree = "<group>"; };
		CF0052CB250732DE00458C7B /* ContentView.swift */ = {isa = PBXFileReference; lastKnownFileType = sourcecode.swift; path = ContentView.swift; sourceTree = "<group>"; };
		CF0052CD250732E000458C7B /* Assets.xcassets */ = {isa = PBXFileReference; lastKnownFileType = folder.assetcatalog; path = Assets.xcassets; sourceTree = "<group>"; };
		CF0052D0250732E000458C7B /* Preview Assets.xcassets */ = {isa = PBXFileReference; lastKnownFileType = folder.assetcatalog; path = "Preview Assets.xcassets"; sourceTree = "<group>"; };
		CF0052D3250732E000458C7B /* Base */ = {isa = PBXFileReference; lastKnownFileType = file.storyboard; name = Base; path = Base.lproj/LaunchScreen.storyboard; sourceTree = "<group>"; };
		CF0052D5250732E000458C7B /* Info.plist */ = {isa = PBXFileReference; lastKnownFileType = text.plist.xml; path = Info.plist; sourceTree = "<group>"; };
		CF0052E02507BE2800458C7B /* itemRow.swift */ = {isa = PBXFileReference; lastKnownFileType = sourcecode.swift; path = itemRow.swift; sourceTree = "<group>"; };
		CF0052E22507C37B00458C7B /* itemList.swift */ = {isa = PBXFileReference; lastKnownFileType = sourcecode.swift; path = itemList.swift; sourceTree = "<group>"; };
		CF0052E42507C54400458C7B /* logView.swift */ = {isa = PBXFileReference; lastKnownFileType = sourcecode.swift; path = logView.swift; sourceTree = "<group>"; };
		CFBD58E32509EF800099BF94 /* testLogData.json */ = {isa = PBXFileReference; lastKnownFileType = text.json; path = testLogData.json; sourceTree = "<group>"; };
		CFBD58E52509F20F0099BF94 /* Log.swift */ = {isa = PBXFileReference; lastKnownFileType = sourcecode.swift; path = Log.swift; sourceTree = "<group>"; };
		CFBD58E72509F4E00099BF94 /* Data.swift */ = {isa = PBXFileReference; lastKnownFileType = sourcecode.swift; path = Data.swift; sourceTree = "<group>"; };
/* End PBXFileReference section */

/* Begin PBXFrameworksBuildPhase section */
		CF0052C1250732DE00458C7B /* Frameworks */ = {
			isa = PBXFrameworksBuildPhase;
			buildActionMask = 2147483647;
			files = (
			);
			runOnlyForDeploymentPostprocessing = 0;
		};
/* End PBXFrameworksBuildPhase section */

/* Begin PBXGroup section */
		CF0052BB250732DE00458C7B = {
			isa = PBXGroup;
			children = (
				CFBD58E32509EF800099BF94 /* testLogData.json */,
				CFBD58E72509F4E00099BF94 /* Data.swift */,
				CFBD58E52509F20F0099BF94 /* Log.swift */,
				CF0052C6250732DE00458C7B /* AddressLayout */,
				CF0052C5250732DE00458C7B /* Products */,
			);
			sourceTree = "<group>";
		};
		CF0052C5250732DE00458C7B /* Products */ = {
			isa = PBXGroup;
			children = (
				CF0052C4250732DE00458C7B /* AddressLayout.app */,
			);
			name = Products;
			sourceTree = "<group>";
		};
		CF0052C6250732DE00458C7B /* AddressLayout */ = {
			isa = PBXGroup;
			children = (
				CF0052E02507BE2800458C7B /* itemRow.swift */,
				CF0052E22507C37B00458C7B /* itemList.swift */,
				CF0052E42507C54400458C7B /* logView.swift */,
				4132E54E2508BCDA00FDEA76 /* PreviewView.swift */,
				4132E5502509EF7D00FDEA76 /* FrontEnvelopePreviewView.swift */,
				4132E5522509F0DD00FDEA76 /* BackEnvelopePreviewView.swift */,
				CF0052C7250732DE00458C7B /* AppDelegate.swift */,
				CF0052C9250732DE00458C7B /* SceneDelegate.swift */,
				CF0052CB250732DE00458C7B /* ContentView.swift */,
				CF0052CD250732E000458C7B /* Assets.xcassets */,
				CF0052D2250732E000458C7B /* LaunchScreen.storyboard */,
				CF0052D5250732E000458C7B /* Info.plist */,
				CF0052CF250732E000458C7B /* Preview Content */,
			);
			path = AddressLayout;
			sourceTree = "<group>";
		};
		CF0052CF250732E000458C7B /* Preview Content */ = {
			isa = PBXGroup;
			children = (
				CF0052D0250732E000458C7B /* Preview Assets.xcassets */,
			);
			path = "Preview Content";
			sourceTree = "<group>";
		};
/* End PBXGroup section */

/* Begin PBXNativeTarget section */
		CF0052C3250732DE00458C7B /* AddressLayout */ = {
			isa = PBXNativeTarget;
			buildConfigurationList = CF0052D8250732E000458C7B /* Build configuration list for PBXNativeTarget "AddressLayout" */;
			buildPhases = (
				CF0052C0250732DE00458C7B /* Sources */,
				CF0052C1250732DE00458C7B /* Frameworks */,
				CF0052C2250732DE00458C7B /* Resources */,
			);
			buildRules = (
			);
			dependencies = (
			);
			name = AddressLayout;
			productName = AddressLayout;
			productReference = CF0052C4250732DE00458C7B /* AddressLayout.app */;
			productType = "com.apple.product-type.application";
		};
/* End PBXNativeTarget section */

/* Begin PBXProject section */
		CF0052BC250732DE00458C7B /* Project object */ = {
			isa = PBXProject;
			attributes = {
				LastSwiftUpdateCheck = 1150;
				LastUpgradeCheck = 1150;
				ORGANIZATIONNAME = "村岡沙紀";
				TargetAttributes = {
					CF0052C3250732DE00458C7B = {
						CreatedOnToolsVersion = 11.5;
					};
				};
			};
			buildConfigurationList = CF0052BF250732DE00458C7B /* Build configuration list for PBXProject "AddressLayout" */;
			compatibilityVersion = "Xcode 9.3";
			developmentRegion = en;
			hasScannedForEncodings = 0;
			knownRegions = (
				en,
				Base,
			);
			mainGroup = CF0052BB250732DE00458C7B;
			productRefGroup = CF0052C5250732DE00458C7B /* Products */;
			projectDirPath = "";
			projectRoot = "";
			targets = (
				CF0052C3250732DE00458C7B /* AddressLayout */,
			);
		};
/* End PBXProject section */

/* Begin PBXResourcesBuildPhase section */
		CF0052C2250732DE00458C7B /* Resources */ = {
			isa = PBXResourcesBuildPhase;
			buildActionMask = 2147483647;
			files = (
				CFBD58E42509EF800099BF94 /* testLogData.json in Resources */,
				CF0052D4250732E000458C7B /* LaunchScreen.storyboard in Resources */,
				CF0052D1250732E000458C7B /* Preview Assets.xcassets in Resources */,
				CF0052CE250732E000458C7B /* Assets.xcassets in Resources */,
			);
			runOnlyForDeploymentPostprocessing = 0;
		};
/* End PBXResourcesBuildPhase section */

/* Begin PBXSourcesBuildPhase section */
		CF0052C0250732DE00458C7B /* Sources */ = {
			isa = PBXSourcesBuildPhase;
			buildActionMask = 2147483647;
			files = (
				CF0052C8250732DE00458C7B /* AppDelegate.swift in Sources */,
				CFBD58E62509F20F0099BF94 /* Log.swift in Sources */,
				CF0052E32507C37B00458C7B /* itemList.swift in Sources */,
				4132E5532509F0DD00FDEA76 /* BackEnvelopePreviewView.swift in Sources */,
				4132E54F2508BCDA00FDEA76 /* PreviewView.swift in Sources */,
				CF0052CA250732DE00458C7B /* SceneDelegate.swift in Sources */,
				CF0052CC250732DE00458C7B /* ContentView.swift in Sources */,
				4132E5512509EF7D00FDEA76 /* FrontEnvelopePreviewView.swift in Sources */,
				CF0052E12507BE2800458C7B /* itemRow.swift in Sources */,
				CF0052E52507C54400458C7B /* logView.swift in Sources */,
				CFBD58E82509F4E00099BF94 /* Data.swift in Sources */,
			);
			runOnlyForDeploymentPostprocessing = 0;
		};
/* End PBXSourcesBuildPhase section */

/* Begin PBXVariantGroup section */
		CF0052D2250732E000458C7B /* LaunchScreen.storyboard */ = {
			isa = PBXVariantGroup;
			children = (
				CF0052D3250732E000458C7B /* Base */,
			);
			name = LaunchScreen.storyboard;
			sourceTree = "<group>";
		};
/* End PBXVariantGroup section */

/* Begin XCBuildConfiguration section */
		CF0052D6250732E000458C7B /* Debug */ = {
			isa = XCBuildConfiguration;
			buildSettings = {
				ALWAYS_SEARCH_USER_PATHS = NO;
				CLANG_ANALYZER_NONNULL = YES;
				CLANG_ANALYZER_NUMBER_OBJECT_CONVERSION = YES_AGGRESSIVE;
				CLANG_CXX_LANGUAGE_STANDARD = "gnu++14";
				CLANG_CXX_LIBRARY = "libc++";
				CLANG_ENABLE_MODULES = YES;
				CLANG_ENABLE_OBJC_ARC = YES;
				CLANG_ENABLE_OBJC_WEAK = YES;
				CLANG_WARN_BLOCK_CAPTURE_AUTORELEASING = YES;
				CLANG_WARN_BOOL_CONVERSION = YES;
				CLANG_WARN_COMMA = YES;
				CLANG_WARN_CONSTANT_CONVERSION = YES;
				CLANG_WARN_DEPRECATED_OBJC_IMPLEMENTATIONS = YES;
				CLANG_WARN_DIRECT_OBJC_ISA_USAGE = YES_ERROR;
				CLANG_WARN_DOCUMENTATION_COMMENTS = YES;
				CLANG_WARN_EMPTY_BODY = YES;
				CLANG_WARN_ENUM_CONVERSION = YES;
				CLANG_WARN_INFINITE_RECURSION = YES;
				CLANG_WARN_INT_CONVERSION = YES;
				CLANG_WARN_NON_LITERAL_NULL_CONVERSION = YES;
				CLANG_WARN_OBJC_IMPLICIT_RETAIN_SELF = YES;
				CLANG_WARN_OBJC_LITERAL_CONVERSION = YES;
				CLANG_WARN_OBJC_ROOT_CLASS = YES_ERROR;
				CLANG_WARN_RANGE_LOOP_ANALYSIS = YES;
				CLANG_WARN_STRICT_PROTOTYPES = YES;
				CLANG_WARN_SUSPICIOUS_MOVE = YES;
				CLANG_WARN_UNGUARDED_AVAILABILITY = YES_AGGRESSIVE;
				CLANG_WARN_UNREACHABLE_CODE = YES;
				CLANG_WARN__DUPLICATE_METHOD_MATCH = YES;
				COPY_PHASE_STRIP = NO;
				DEBUG_INFORMATION_FORMAT = dwarf;
				ENABLE_STRICT_OBJC_MSGSEND = YES;
				ENABLE_TESTABILITY = YES;
				GCC_C_LANGUAGE_STANDARD = gnu11;
				GCC_DYNAMIC_NO_PIC = NO;
				GCC_NO_COMMON_BLOCKS = YES;
				GCC_OPTIMIZATION_LEVEL = 0;
				GCC_PREPROCESSOR_DEFINITIONS = (
					"DEBUG=1",
					"$(inherited)",
				);
				GCC_WARN_64_TO_32_BIT_CONVERSION = YES;
				GCC_WARN_ABOUT_RETURN_TYPE = YES_ERROR;
				GCC_WARN_UNDECLARED_SELECTOR = YES;
				GCC_WARN_UNINITIALIZED_AUTOS = YES_AGGRESSIVE;
				GCC_WARN_UNUSED_FUNCTION = YES;
				GCC_WARN_UNUSED_VARIABLE = YES;
				IPHONEOS_DEPLOYMENT_TARGET = 13.5;
				MTL_ENABLE_DEBUG_INFO = INCLUDE_SOURCE;
				MTL_FAST_MATH = YES;
				ONLY_ACTIVE_ARCH = YES;
				SDKROOT = iphoneos;
				SWIFT_ACTIVE_COMPILATION_CONDITIONS = DEBUG;
				SWIFT_OPTIMIZATION_LEVEL = "-Onone";
			};
			name = Debug;
		};
		CF0052D7250732E000458C7B /* Release */ = {
			isa = XCBuildConfiguration;
			buildSettings = {
				ALWAYS_SEARCH_USER_PATHS = NO;
				CLANG_ANALYZER_NONNULL = YES;
				CLANG_ANALYZER_NUMBER_OBJECT_CONVERSION = YES_AGGRESSIVE;
				CLANG_CXX_LANGUAGE_STANDARD = "gnu++14";
				CLANG_CXX_LIBRARY = "libc++";
				CLANG_ENABLE_MODULES = YES;
				CLANG_ENABLE_OBJC_ARC = YES;
				CLANG_ENABLE_OBJC_WEAK = YES;
				CLANG_WARN_BLOCK_CAPTURE_AUTORELEASING = YES;
				CLANG_WARN_BOOL_CONVERSION = YES;
				CLANG_WARN_COMMA = YES;
				CLANG_WARN_CONSTANT_CONVERSION = YES;
				CLANG_WARN_DEPRECATED_OBJC_IMPLEMENTATIONS = YES;
				CLANG_WARN_DIRECT_OBJC_ISA_USAGE = YES_ERROR;
				CLANG_WARN_DOCUMENTATION_COMMENTS = YES;
				CLANG_WARN_EMPTY_BODY = YES;
				CLANG_WARN_ENUM_CONVERSION = YES;
				CLANG_WARN_INFINITE_RECURSION = YES;
				CLANG_WARN_INT_CONVERSION = YES;
				CLANG_WARN_NON_LITERAL_NULL_CONVERSION = YES;
				CLANG_WARN_OBJC_IMPLICIT_RETAIN_SELF = YES;
				CLANG_WARN_OBJC_LITERAL_CONVERSION = YES;
				CLANG_WARN_OBJC_ROOT_CLASS = YES_ERROR;
				CLANG_WARN_RANGE_LOOP_ANALYSIS = YES;
				CLANG_WARN_STRICT_PROTOTYPES = YES;
				CLANG_WARN_SUSPICIOUS_MOVE = YES;
				CLANG_WARN_UNGUARDED_AVAILABILITY = YES_AGGRESSIVE;
				CLANG_WARN_UNREACHABLE_CODE = YES;
				CLANG_WARN__DUPLICATE_METHOD_MATCH = YES;
				COPY_PHASE_STRIP = NO;
				DEBUG_INFORMATION_FORMAT = "dwarf-with-dsym";
				ENABLE_NS_ASSERTIONS = NO;
				ENABLE_STRICT_OBJC_MSGSEND = YES;
				GCC_C_LANGUAGE_STANDARD = gnu11;
				GCC_NO_COMMON_BLOCKS = YES;
				GCC_WARN_64_TO_32_BIT_CONVERSION = YES;
				GCC_WARN_ABOUT_RETURN_TYPE = YES_ERROR;
				GCC_WARN_UNDECLARED_SELECTOR = YES;
				GCC_WARN_UNINITIALIZED_AUTOS = YES_AGGRESSIVE;
				GCC_WARN_UNUSED_FUNCTION = YES;
				GCC_WARN_UNUSED_VARIABLE = YES;
				IPHONEOS_DEPLOYMENT_TARGET = 13.5;
				MTL_ENABLE_DEBUG_INFO = NO;
				MTL_FAST_MATH = YES;
				SDKROOT = iphoneos;
				SWIFT_COMPILATION_MODE = wholemodule;
				SWIFT_OPTIMIZATION_LEVEL = "-O";
				VALIDATE_PRODUCT = YES;
			};
			name = Release;
		};
		CF0052D9250732E000458C7B /* Debug */ = {
			isa = XCBuildConfiguration;
			buildSettings = {
				ASSETCATALOG_COMPILER_APPICON_NAME = AppIcon;
				CODE_SIGN_STYLE = Automatic;
				DEVELOPMENT_ASSET_PATHS = "\"AddressLayout/Preview Content\"";
				DEVELOPMENT_TEAM = H3ZXJ4GU5R;
				ENABLE_PREVIEWS = YES;
				INFOPLIST_FILE = AddressLayout/Info.plist;
				LD_RUNPATH_SEARCH_PATHS = (
					"$(inherited)",
					"@executable_path/Frameworks",
				);
				PRODUCT_BUNDLE_IDENTIFIER = com.gmail.murasaki9322.AddressLayout;
				PRODUCT_NAME = "$(TARGET_NAME)";
				SWIFT_VERSION = 5.0;
				TARGETED_DEVICE_FAMILY = "1,2";
			};
			name = Debug;
		};
		CF0052DA250732E000458C7B /* Release */ = {
			isa = XCBuildConfiguration;
			buildSettings = {
				ASSETCATALOG_COMPILER_APPICON_NAME = AppIcon;
				CODE_SIGN_STYLE = Automatic;
				DEVELOPMENT_ASSET_PATHS = "\"AddressLayout/Preview Content\"";
				DEVELOPMENT_TEAM = H3ZXJ4GU5R;
				ENABLE_PREVIEWS = YES;
				INFOPLIST_FILE = AddressLayout/Info.plist;
				LD_RUNPATH_SEARCH_PATHS = (
					"$(inherited)",
					"@executable_path/Frameworks",
				);
				PRODUCT_BUNDLE_IDENTIFIER = com.gmail.murasaki9322.AddressLayout;
				PRODUCT_NAME = "$(TARGET_NAME)";
				SWIFT_VERSION = 5.0;
				TARGETED_DEVICE_FAMILY = "1,2";
			};
			name = Release;
		};
/* End XCBuildConfiguration section */

/* Begin XCConfigurationList section */
		CF0052BF250732DE00458C7B /* Build configuration list for PBXProject "AddressLayout" */ = {
			isa = XCConfigurationList;
			buildConfigurations = (
				CF0052D6250732E000458C7B /* Debug */,
				CF0052D7250732E000458C7B /* Release */,
			);
			defaultConfigurationIsVisible = 0;
			defaultConfigurationName = Release;
		};
		CF0052D8250732E000458C7B /* Build configuration list for PBXNativeTarget "AddressLayout" */ = {
			isa = XCConfigurationList;
			buildConfigurations = (
				CF0052D9250732E000458C7B /* Debug */,
				CF0052DA250732E000458C7B /* Release */,
			);
			defaultConfigurationIsVisible = 0;
			defaultConfigurationName = Release;
		};
/* End XCConfigurationList section */
	};
	rootObject = CF0052BC250732DE00458C7B /* Project object */;
}
